
Microsoft Visual Studio Solution File, Format Version 12.00
# Visual Studio Version 17
VisualStudioVersion = 17.11.35327.3
MinimumVisualStudioVersion = 10.0.40219.1
Project("{FAE04EC0-301F-11D3-BF4B-00C04F79EFBC}") = "01. BinaryDigitsCount", "01. BinaryDigitsCount\01. BinaryDigitsCount.csproj", "{8AA897B9-E27D-40E1-B647-5F6E3DF7A044}"
EndProject
Project("{FAE04EC0-301F-11D3-BF4B-00C04F79EFBC}") = "02. BitAtPosition1", "02. BitAtPosition1\02. BitAtPosition1.csproj", "{1385624A-0829-420D-A031-90698D1A7232}"
EndProject
Project("{FAE04EC0-301F-11D3-BF4B-00C04F79EFBC}") = "02.1. BitAtPosition1", "02.1. BitAtPosition1\02.1. BitAtPosition1.csproj", "{9A9CFC9B-D08C-40F9-BF58-E483FCB8DEBC}"
EndProject
Global
	GlobalSection(SolutionConfigurationPlatforms) = preSolution
		Debug|Any CPU = Debug|Any CPU
		Release|Any CPU = Release|Any CPU
	EndGlobalSection
	GlobalSection(ProjectConfigurationPlatforms) = postSolution
		{8AA897B9-E27D-40E1-B647-5F6E3DF7A044}.Debug|Any CPU.ActiveCfg = Debug|Any CPU
		{8AA897B9-E27D-40E1-B647-5F6E3DF7A044}.Debug|Any CPU.Build.0 = Debug|Any CPU
		{8AA897B9-E27D-40E1-B647-5F6E3DF7A044}.Release|Any CPU.ActiveCfg = Release|Any CPU
		{8AA897B9-E27D-40E1-B647-5F6E3DF7A044}.Release|Any CPU.Build.0 = Release|Any CPU
		{1385624A-0829-420D-A031-90698D1A7232}.Debug|Any CPU.ActiveCfg = Debug|Any CPU
		{1385624A-0829-420D-A031-90698D1A7232}.Debug|Any CPU.Build.0 = Debug|Any CPU
		{1385624A-0829-420D-A031-90698D1A7232}.Release|Any CPU.ActiveCfg = Release|Any CPU
		{1385624A-0829-420D-A031-90698D1A7232}.Release|Any CPU.Build.0 = Release|Any CPU
		{9A9CFC9B-D08C-40F9-BF58-E483FCB8DEBC}.Debug|Any CPU.ActiveCfg = Debug|Any CPU
		{9A9CFC9B-D08C-40F9-BF58-E483FCB8DEBC}.Debug|Any CPU.Build.0 = Debug|Any CPU
		{9A9CFC9B-D08C-40F9-BF58-E483FCB8DEBC}.Release|Any CPU.ActiveCfg = Release|Any CPU
		{9A9CFC9B-D08C-40F9-BF58-E483FCB8DEBC}.Release|Any CPU.Build.0 = Release|Any CPU
	EndGlobalSection
	GlobalSection(SolutionProperties) = preSolution
		HideSolutionNode = FALSE
	EndGlobalSection
	GlobalSection(ExtensibilityGlobals) = postSolution
		SolutionGuid = {C9355F7B-A5AD-49E8-B51A-6ACBC83B1762}
	EndGlobalSection
EndGlobal
